
Microsoft Visual Studio Solution File, Format Version 12.00
# Visual Studio Version 17
VisualStudioVersion = 17.0.31903.59
MinimumVisualStudioVersion = 10.0.40219.1
Project("{2150E333-8FDC-42A3-9474-1A3956D46DE8}") = "src", "src", "{EB9E9808-479D-4CA2-BE91-154FEA1728DA}"
EndProject
Project("{FAE04EC0-301F-11D3-BF4B-00C04F79EFBC}") = "ZeroApp.Api", "src\ZeroApp.Api\ZeroApp.Api.csproj", "{6CC77CE2-37B0-4B04-A93F-0999A20A9287}"
EndProject
Project("{FAE04EC0-301F-11D3-BF4B-00C04F79EFBC}") = "ZeroApp.Data", "src\ZeroApp.Data\ZeroApp.Data.csproj", "{915EEFFB-395B-40B0-8428-F9298A9AAB42}"
EndProject
Project("{FAE04EC0-301F-11D3-BF4B-00C04F79EFBC}") = "ZeroApp.Core", "src\ZeroApp.Core\ZeroApp.Core.csproj", "{CBC8E66C-C4A7-4A00-9FCD-9BE374E16393}"
EndProject
Global
	GlobalSection(SolutionConfigurationPlatforms) = preSolution
		Debug|Any CPU = Debug|Any CPU
		Release|Any CPU = Release|Any CPU
	EndGlobalSection
	GlobalSection(SolutionProperties) = preSolution
		HideSolutionNode = FALSE
	EndGlobalSection
	GlobalSection(ProjectConfigurationPlatforms) = postSolution
		{6CC77CE2-37B0-4B04-A93F-0999A20A9287}.Debug|Any CPU.ActiveCfg = Debug|Any CPU
		{6CC77CE2-37B0-4B04-A93F-0999A20A9287}.Debug|Any CPU.Build.0 = Debug|Any CPU
		{6CC77CE2-37B0-4B04-A93F-0999A20A9287}.Release|Any CPU.ActiveCfg = Release|Any CPU
		{6CC77CE2-37B0-4B04-A93F-0999A20A9287}.Release|Any CPU.Build.0 = Release|Any CPU
		{915EEFFB-395B-40B0-8428-F9298A9AAB42}.Debug|Any CPU.ActiveCfg = Debug|Any CPU
		{915EEFFB-395B-40B0-8428-F9298A9AAB42}.Debug|Any CPU.Build.0 = Debug|Any CPU
		{915EEFFB-395B-40B0-8428-F9298A9AAB42}.Release|Any CPU.ActiveCfg = Release|Any CPU
		{915EEFFB-395B-40B0-8428-F9298A9AAB42}.Release|Any CPU.Build.0 = Release|Any CPU
		{CBC8E66C-C4A7-4A00-9FCD-9BE374E16393}.Debug|Any CPU.ActiveCfg = Debug|Any CPU
		{CBC8E66C-C4A7-4A00-9FCD-9BE374E16393}.Debug|Any CPU.Build.0 = Debug|Any CPU
		{CBC8E66C-C4A7-4A00-9FCD-9BE374E16393}.Release|Any CPU.ActiveCfg = Release|Any CPU
		{CBC8E66C-C4A7-4A00-9FCD-9BE374E16393}.Release|Any CPU.Build.0 = Release|Any CPU
	EndGlobalSection
	GlobalSection(NestedProjects) = preSolution
		{6CC77CE2-37B0-4B04-A93F-0999A20A9287} = {EB9E9808-479D-4CA2-BE91-154FEA1728DA}
		{915EEFFB-395B-40B0-8428-F9298A9AAB42} = {EB9E9808-479D-4CA2-BE91-154FEA1728DA}
		{CBC8E66C-C4A7-4A00-9FCD-9BE374E16393} = {EB9E9808-479D-4CA2-BE91-154FEA1728DA}
	EndGlobalSection
EndGlobal
